
Microsoft Visual Studio Solution File, Format Version 12.00
# Visual Studio Version 17
VisualStudioVersion = 17.5.33424.131
MinimumVisualStudioVersion = 10.0.40219.1
Project("{FAE04EC0-301F-11D3-BF4B-00C04F79EFBC}") = "ApexStats", "ApexStats.csproj", "{33480E32-38DC-48E7-BAAE-32877D3F638B}"
EndProject
Global
	GlobalSection(SolutionConfigurationPlatforms) = preSolution
		Debug|Any CPU = Debug|Any CPU
		Release|Any CPU = Release|Any CPU
	EndGlobalSection
	GlobalSection(ProjectConfigurationPlatforms) = postSolution
		{33480E32-38DC-48E7-BAAE-32877D3F638B}.Debug|Any CPU.ActiveCfg = Debug|Any CPU
		{33480E32-38DC-48E7-BAAE-32877D3F638B}.Debug|Any CPU.Build.0 = Debug|Any CPU
		{33480E32-38DC-48E7-BAAE-32877D3F638B}.Release|Any CPU.ActiveCfg = Release|Any CPU
		{33480E32-38DC-48E7-BAAE-32877D3F638B}.Release|Any CPU.Build.0 = Release|Any CPU
	EndGlobalSection
	GlobalSection(SolutionProperties) = preSolution
		HideSolutionNode = FALSE
	EndGlobalSection
	GlobalSection(ExtensibilityGlobals) = postSolution
		SolutionGuid = {D1149876-3D78-4B04-891B-22B9E2265AD2}
	EndGlobalSection
EndGlobal
